<?xml version="1.0" encoding="utf-8"?>
<Project ToolsVersion="4.0" xmlns="http://schemas.microsoft.com/developer/msbuild/2003">
  <ItemGroup>
    <Filter Include="Source Files">
      <UniqueIdentifier>{4FC737F1-C7A5-4376-A066-2A32D752A2FF}</UniqueIdentifier>
      <Extensions>cpp;c;cc;cxx;c++;cppm;ixx;def;odl;idl;hpj;bat;asm;asmx</Extensions>
    </Filter>
    <Filter Include="Header Files">
      <UniqueIdentifier>{93995380-89BD-4b04-88EB-625FBE52EBFB}</UniqueIdentifier>
      <Extensions>h;hh;hpp;hxx;h++;hm;inl;inc;ipp;xsd</Extensions>
    </Filter>
    <Filter Include="Assets">
      <UniqueIdentifier>{8053bd14-a382-4c3d-91f9-a76d57638e7e}</UniqueIdentifier>
    </Filter>
    <Filter Include="Framework">
      <UniqueIdentifier>{5a23defd-5729-4808-a768-ce21e3dfae2c}</UniqueIdentifier>
    </Filter>
    <Filter Include="Hooking">
      <UniqueIdentifier>{bee7a983-21ff-4d75-9413-1e0f49f18480}</UniqueIdentifier>
    </Filter>
    <Filter Include="Menu">
      <UniqueIdentifier>{e3008f0b-be54-4793-b2f0-e445c31a0612}</UniqueIdentifier>
    </Filter>
    <Filter Include="Engine">
      <UniqueIdentifier>{ba004837-af92-4270-a054-30c98ea94872}</UniqueIdentifier>
    </Filter>
    <Filter Include="Cheats">
      <UniqueIdentifier>{8c7e00a9-1a4e-4f3b-b6d8-9a8c7e00a91a}</UniqueIdentifier>
    </Filter>
    <Filter Include="Cheats\Civilian">
      <UniqueIdentifier>{b1c2d3e4-f5a6-4b7c-8d9e-1f2a3b4c5d6e}</UniqueIdentifier>
    </Filter>
    <Filter Include="Cheats\Social">
      <UniqueIdentifier>{c1d2e3f4-a5b6-4c7d-8e9f-2a3b4c5d6e7f}</UniqueIdentifier>
    </Filter>
    <Filter Include="Cheats\War">
      <UniqueIdentifier>{d1e2f3a4-b5c6-4d7e-8f9a-3b4c5d6e7f8a}</UniqueIdentifier>
    </Filter>
    <Filter Include="Cheats\Officer">
      <UniqueIdentifier>{e1f2a3b4-c5d6-4e7f-8a9b-4c5d6e7f8a9b}</UniqueIdentifier>
    </Filter>
    <Filter Include="Cheats\System">
      <UniqueIdentifier>{f1a2b3c4-d5e6-4f7a-8b9c-5d6e7f8a9b0c}</UniqueIdentifier>
    </Filter>
  </ItemGroup>
  <ItemGroup>
    <ClInclude Include="framework.h">
      <Filter>Header Files</Filter>
    </ClInclude>
    <ClInclude Include="pch.h">
      <Filter>Header Files</Filter>
    </ClInclude>
    <ClInclude Include="Fonts.h">
      <Filter>Assets</Filter>
    </ClInclude>
    <ClInclude Include="Framework\imconfig.h">
      <Filter>Framework</Filter>
    </ClInclude>
    <ClInclude Include="Framework\imgui.h">
      <Filter>Framework</Filter>
    </ClInclude>
    <ClInclude Include="Framework\imgui_impl_dx11.h">
      <Filter>Framework</Filter>
    </ClInclude>
    <ClInclude Include="Framework\imgui_impl_win32.h">
      <Filter>Framework</Filter>
    </ClInclude>
    <ClInclude Include="Framework\imgui_internal.h">
      <Filter>Framework</Filter>
    </ClInclude>
    <ClInclude Include="Framework\imstb_rectpack.h">
      <Filter>Framework</Filter>
    </ClInclude>
    <ClInclude Include="Framework\imstb_textedit.h">
      <Filter>Framework</Filter>
    </ClInclude>
    <ClInclude Include="Framework\imstb_truetype.h">
      <Filter>Framework</Filter>
    </ClInclude>
    <ClInclude Include="Hooking\buffer.h">
      <Filter>Hooking</Filter>
    </ClInclude>
    <ClInclude Include="Hooking\framework.h">
      <Filter>Hooking</Filter>
    </ClInclude>
    <ClInclude Include="Hooking\hde32.h">
      <Filter>Hooking</Filter>
    </ClInclude>
    <ClInclude Include="Hooking\hde64.h">
      <Filter>Hooking</Filter>
    </ClInclude>
    <ClInclude Include="Hooking\hookmain.h">
      <Filter>Hooking</Filter>
    </ClInclude>
    <ClInclude Include="Hooking\MinHook.h">
      <Filter>Hooking</Filter>
    </ClInclude>
    <ClInclude Include="Hooking\pstdint.h">
      <Filter>Hooking</Filter>
    </ClInclude>
    <ClInclude Include="Hooking\resource.h">
      <Filter>Hooking</Filter>
    </ClInclude>
    <ClInclude Include="Hooking\table32.h">
      <Filter>Hooking</Filter>
    </ClInclude>
    <ClInclude Include="Hooking\table64.h">
      <Filter>Hooking</Filter>
    </ClInclude>
    <ClInclude Include="Hooking\trampoline.h">
      <Filter>Hooking</Filter>
    </ClInclude>
    <ClInclude Include="Menu.h">
      <Filter>Menu</Filter>
    </ClInclude>
    <ClInclude Include="MenuState.h">
      <Filter>Menu</Filter>
    </ClInclude>
    <ClInclude Include="MenuSections.h">
      <Filter>Menu</Filter>
    </ClInclude>
    <ClInclude Include="BattleMonitor.h">
      <Filter>Menu</Filter>
    </ClInclude>
    <ClInclude Include="helper.h">
      <Filter>Header Files</Filter>
    </ClInclude>
    <ClInclude Include="Engine.h">
      <Filter>Engine</Filter>
    </ClInclude>
    <ClInclude Include="Cheats.h">
      <Filter>Header Files</Filter>
    </ClInclude>
    <ClInclude Include="Cheats\Civilian\BangmokCity.h">
      <Filter>Cheats\Civilian</Filter>
    </ClInclude>
    <ClInclude Include="Cheats\War\BattleMapShuffle.h">
      <Filter>Cheats\War</Filter>
    </ClInclude>
    <ClInclude Include="Cheats\War\Battleunitcapture.h">
      <Filter>Cheats\War</Filter>
    </ClInclude>
    <ClInclude Include="Cheats\Civilian\Bigcityconvert.h">
      <Filter>Cheats\Civilian</Filter>
    </ClInclude>
    <ClInclude Include="Cheats\War\Catapult.h">
      <Filter>Cheats\War</Filter>
    </ClInclude>
    <ClInclude Include="Cheats\War\Celestia.h">
      <Filter>Cheats\War</Filter>
    </ClInclude>
    <ClInclude Include="Cheats\Civilian\CityInfoWindow.h">
      <Filter>Cheats\Civilian</Filter>
    </ClInclude>
    <ClInclude Include="Cheats\Civilian\TavernMonitor.h">
      <Filter>Cheats\Civilian</Filter>
    </ClInclude>
    <ClInclude Include="Cheats\Civilian\DomesticsMult.h">
      <Filter>Cheats\Civilian</Filter>
    </ClInclude>
    <ClInclude Include="Cheats\Social\InstantLoveCave.h">
      <Filter>Cheats\Social</Filter>
    </ClInclude>
    <ClInclude Include="Cheats\Officer\OfficerDetail.h">
      <Filter>Cheats\Officer</Filter>
    </ClInclude>
    <ClInclude Include="Cheats\Social\Loyaltycave.h">
      <Filter>Cheats\Social</Filter>
    </ClInclude>
    <ClInclude Include="Cheats\Social\Resonancecave.h">
      <Filter>Cheats\Social</Filter>
    </ClInclude>
    <ClInclude Include="Cheats\Social\Infinitegift.h">
      <Filter>Cheats\Social</Filter>
    </ClInclude>
    <ClInclude Include="Cheats\Social\Infinitetalk.h">
      <Filter>Cheats\Social</Filter>
    </ClInclude>
    <ClInclude Include="Cheats\Social\Fastrelationship.h">
      <Filter>Cheats\Social</Filter>
    </ClInclude>
    <ClInclude Include="Cheats\Social\ChildEarlyAppearance.h">
      <Filter>Cheats\Social</Filter>
    </ClInclude>
    <ClInclude Include="Cheats\War\Selfheal.h">
      <Filter>Cheats\War</Filter>
    </ClInclude>
    <ClInclude Include="Cheats\War\ShortBattleCooldown.h">
      <Filter>Cheats\War</Filter>
    </ClInclude>
    <ClInclude Include="Cheats\War\TotalWarCycleShortening.h">
      <Filter>Cheats\War</Filter>
    </ClInclude>
    <ClInclude Include="Cheats\War\TroopCountCombatScaling.h">
      <Filter>Cheats\War</Filter>
    </ClInclude>
    <ClInclude Include="Cheats\War\GovernorPrisonerDisposal.h">
      <Filter>Cheats\War</Filter>
    </ClInclude>
    <ClInclude Include="Cheats\War\ReinforcementArrivalAction.h">
      <Filter>Cheats\War</Filter>
    </ClInclude>
    <ClInclude Include="Cheats\War\ReinforcementDefenderPlacement.h">
      <Filter>Cheats\War</Filter>
    </ClInclude>
    <ClInclude Include="Cheats\War\SiegeWarfare.h">
      <Filter>Cheats\War</Filter>
    </ClInclude>
    <ClInclude Include="Cheats\War\Dongto.h">
      <Filter>Cheats\War</Filter>
    </ClInclude>
    <ClInclude Include="Cheats\War\Terrainignore.h">
      <Filter>Cheats\War</Filter>
    </ClInclude>
    <ClInclude Include="Cheats\War\Defbuildingboost.h">
      <Filter>Cheats\War</Filter>
    </ClInclude>
    <ClInclude Include="Cheats\War\AIHighHonorSurrenderFix.h">
      <Filter>Cheats\War</Filter>
    </ClInclude>
    <ClInclude Include="Cheats\War\AIExecutionConditionChange.h">
      <Filter>Cheats\War</Filter>
    </ClInclude>
    <ClInclude Include="Cheats\War\AIRefusalWarFix.h">
      <Filter>Cheats\War</Filter>
    </ClInclude>
    <ClInclude Include="Cheats\War\DeputyCaptureFix.h">
      <Filter>Cheats\War</Filter>
    </ClInclude>
    <ClInclude Include="Cheats\War\IsolatedCityCaptureFix.h">
      <Filter>Cheats\War</Filter>
    </ClInclude>
    <ClInclude Include="Cheats\War\PrisonerCaptureManagement.h">
      <Filter>Cheats\War</Filter>
    </ClInclude>
    <ClInclude Include="Cheats\Civilian\Techpointcave.h">
      <Filter>Cheats\Civilian</Filter>
    </ClInclude>
    <ClInclude Include="Cheats\Civilian\Techzero.h">
      <Filter>Cheats\Civilian</Filter>
    </ClInclude>
    <ClInclude Include="Cheats\War\Roadblock.h">
      <Filter>Cheats\War</Filter>
    </ClInclude>
    <ClInclude Include="Cheats\Officer\SelectOfficercapture.h">
      <Filter>Cheats\Officer</Filter>
    </ClInclude>
    <ClInclude Include="Cheats\Officer\OfficerData.h">
      <Filter>Cheats\Officer</Filter>
    </ClInclude>
    <ClInclude Include="Cheats\System\TengiCave.h">
      <Filter>Cheats\System</Filter>
    </ClInclude>
    <ClInclude Include="Cheats\System\SkillCondition.h">
      <Filter>Cheats\System</Filter>
    </ClInclude>
    <ClInclude Include="Cheats\Officer\OfficerRosterResolve.h">
      <Filter>Cheats\Officer</Filter>
    </ClInclude>
    <ClInclude Include="Cheats\Officer\SpecialAbilityAutoAssign.h">
      <Filter>Cheats\Officer</Filter>
    </ClInclude>
    <ClInclude Include="Cheats\Officer\AIOfficerGrowth.h">
      <Filter>Cheats\Officer</Filter>
    </ClInclude>
    <ClInclude Include="Cheats\Civilian\NonggyeongCity.h">
      <Filter>Cheats\Civilian</Filter>
    </ClInclude>
    <ClInclude Include="Cheats\Civilian\SangeopCity.h">
      <Filter>Cheats\Civilian</Filter>
    </ClInclude>
    <ClInclude Include="Cheats\System\MonthCapture.h">
      <Filter>Cheats\System</Filter>
    </ClInclude>
    <ClInclude Include="Cheats\System\SystemMonth.h">
      <Filter>Cheats\System</Filter>
    </ClInclude>
    <ClInclude Include="Cheats\System\StartSetting.h">
      <Filter>Cheats\System</Filter>
    </ClInclude>
    <ClInclude Include="Cheats\War\FactionLordBonus.h">
      <Filter>Cheats\War</Filter>
    </ClInclude>
    <ClInclude Include="Cheats\System\SkillCountManager.h">
      <Filter>Cheats\System</Filter>
    </ClInclude>
    <ClInclude Include="Cheats\Officer\StatMonitor.h">
      <Filter>Cheats\Officer</Filter>
    </ClInclude>
  </ItemGroup>
  <ItemGroup>
    <ClCompile Include="dllmain.cpp">
      <Filter>Source Files</Filter>
    </ClCompile>
    <ClCompile Include="dllmain_hid.cpp">
      <Filter>Source Files</Filter>
    </ClCompile>
    <ClCompile Include="pch.cpp">
      <Filter>Source Files</Filter>
    </ClCompile>
    <ClCompile Include="Framework\imgui.cpp">
      <Filter>Framework</Filter>
    </ClCompile>
    <ClCompile Include="Framework\imgui_demo.cpp">
      <Filter>Framework</Filter>
    </ClCompile>
    <ClCompile Include="Framework\imgui_draw.cpp">
      <Filter>Framework</Filter>
    </ClCompile>
    <ClCompile Include="Framework\imgui_impl_dx11.cpp">
      <Filter>Framework</Filter>
    </ClCompile>
    <ClCompile Include="Framework\imgui_impl_win32.cpp">
      <Filter>Framework</Filter>
    </ClCompile>
    <ClCompile Include="Framework\imgui_tables.cpp">
      <Filter>Framework</Filter>
    </ClCompile>
    <ClCompile Include="Framework\imgui_widgets.cpp">
      <Filter>Framework</Filter>
    </ClCompile>
    <ClCompile Include="Hooking\buffer.c">
      <Filter>Hooking</Filter>
    </ClCompile>
    <ClCompile Include="Hooking\hde32.c">
      <Filter>Hooking</Filter>
    </ClCompile>
    <ClCompile Include="Hooking\hde64.c">
      <Filter>Hooking</Filter>
    </ClCompile>
    <ClCompile Include="Hooking\hook.c">
      <Filter>Hooking</Filter>
    </ClCompile>
    <ClCompile Include="Hooking\hookmain.cpp">
      <Filter>Hooking</Filter>
    </ClCompile>
    <ClCompile Include="Hooking\trampoline.c">
      <Filter>Hooking</Filter>
    </ClCompile>
    <ClCompile Include="Source.cpp">
      <Filter>Source Files</Filter>
    </ClCompile>
    <ClCompile Include="Engine.cpp">
      <Filter>Engine</Filter>
    </ClCompile>
    <ClCompile Include="Cheats.cpp">
      <Filter>Source Files</Filter>
    </ClCompile>
    <ClCompile Include="Cheats\Civilian\BangmokCity.cpp">
      <Filter>Cheats\Civilian</Filter>
    </ClCompile>
    <ClCompile Include="Cheats\War\BattleMapShuffle.cpp">
      <Filter>Cheats\War</Filter>
    </ClCompile>
    <ClCompile Include="Cheats\War\Battleunitcapture.cpp">
      <Filter>Cheats\War</Filter>
    </ClCompile>
    <ClCompile Include="Cheats\Civilian\Bigcityconvert.cpp">
      <Filter>Cheats\Civilian</Filter>
    </ClCompile>
    <ClCompile Include="Cheats\Officer\RoninMonitor.cpp">
      <Filter>Cheats\Officer</Filter>
    </ClCompile>
    <ClCompile Include="Cheats\System\SpeedHack.cpp">
      <Filter>Cheats\System</Filter>
    </ClCompile>
    <ClCompile Include="Cheats\War\Catapult.cpp">
      <Filter>Cheats\War</Filter>
    </ClCompile>
    <ClCompile Include="Cheats\War\Celestia.cpp">
      <Filter>Cheats\War</Filter>
    </ClCompile>
    <ClCompile Include="Cheats.cpp">
      <Filter>Source Files</Filter>
    </ClCompile>
    <ClCompile Include="Cheats\Civilian\CityInfoWindow.cpp">
      <Filter>Cheats\Civilian</Filter>
    </ClCompile>
    <ClCompile Include="Cheats\Civilian\TavernMonitor.cpp">
      <Filter>Cheats\Civilian</Filter>
    </ClCompile>
    <ClCompile Include="Cheats\Civilian\DomesticsMult.cpp">
      <Filter>Cheats\Civilian</Filter>
    </ClCompile>
    <ClCompile Include="Config.cpp">
      <Filter>Source Files</Filter>
    </ClCompile>
    <ClCompile Include="Menu.cpp">
      <Filter>Source Files</Filter>
    </ClCompile>
    <ClCompile Include="MenuState.cpp">
      <Filter>Source Files</Filter>
    </ClCompile>
    <ClCompile Include="MenuSections.cpp">
      <Filter>Source Files</Filter>
    </ClCompile>
    <ClCompile Include="BattleMonitor.cpp">
      <Filter>Source Files</Filter>
    </ClCompile>
    <ClCompile Include="Cheats\Social\InstantLoveCave.cpp">
      <Filter>Cheats\Social</Filter>
    </ClCompile>
    <ClCompile Include="showlog.cpp">
      <Filter>Source Files</Filter>
    </ClCompile>
    <ClCompile Include="showcal.cpp">
      <Filter>Source Files</Filter>
    </ClCompile>
    <ClCompile Include="debug.cpp">
      <Filter>Source Files</Filter>
    </ClCompile>
    <ClCompile Include="Cheats\Officer\OfficerDetail.cpp">
      <Filter>Cheats\Officer</Filter>
    </ClCompile>
    <ClCompile Include="Cheats\Social\Loyaltycave.cpp">
      <Filter>Cheats\Social</Filter>
    </ClCompile>
    <ClCompile Include="Cheats\Social\Resonancecave.cpp">
      <Filter>Cheats\Social</Filter>
    </ClCompile>
    <ClCompile Include="Cheats\Social\Infinitegift.cpp">
      <Filter>Cheats\Social</Filter>
    </ClCompile>
    <ClCompile Include="Cheats\Social\Infinitetalk.cpp">
      <Filter>Cheats\Social</Filter>
    </ClCompile>
    <ClCompile Include="Cheats\Social\Fastrelationship.cpp">
      <Filter>Cheats\Social</Filter>
    </ClCompile>
    <ClCompile Include="Cheats\Social\ChildEarlyAppearance.cpp">
      <Filter>Cheats\Social</Filter>
    </ClCompile>
    <ClCompile Include="Cheats\War\Selfheal.cpp">
      <Filter>Cheats\War</Filter>
    </ClCompile>
    <ClCompile Include="Cheats\War\ShortBattleCooldown.cpp">
      <Filter>Cheats\War</Filter>
    </ClCompile>
    <ClCompile Include="Cheats\War\TotalWarCycleShortening.cpp">
      <Filter>Cheats\War</Filter>
    </ClCompile>
    <ClCompile Include="Cheats\War\TroopCountCombatScaling.cpp">
      <Filter>Cheats\War</Filter>
    </ClCompile>
    <ClCompile Include="Cheats\War\GovernorPrisonerDisposal.cpp">
      <Filter>Cheats\War</Filter>
    </ClCompile>
    <ClCompile Include="Cheats\War\ReinforcementArrivalAction.cpp">
      <Filter>Cheats\War</Filter>
    </ClCompile>
    <ClCompile Include="Cheats\War\ReinforcementDefenderPlacement.cpp">
      <Filter>Cheats\War</Filter>
    </ClCompile>
    <ClCompile Include="Cheats\War\SiegeWarfare.cpp">
      <Filter>Cheats\War</Filter>
    </ClCompile>
    <ClCompile Include="Cheats\War\Dongto.cpp">
      <Filter>Cheats\War</Filter>
    </ClCompile>
    <ClCompile Include="Cheats\War\Terrainignore.cpp">
      <Filter>Cheats\War</Filter>
    </ClCompile>
    <ClCompile Include="Cheats\War\Defbuildingboost.cpp">
      <Filter>Cheats\War</Filter>
    </ClCompile>
    <ClCompile Include="Cheats\War\AIHighHonorSurrenderFix.cpp">
      <Filter>Cheats\War</Filter>
    </ClCompile>
    <ClCompile Include="Cheats\War\AIExecutionConditionChange.cpp">
      <Filter>Cheats\War</Filter>
    </ClCompile>
    <ClCompile Include="Cheats\War\AIRefusalWarFix.cpp">
      <Filter>Cheats\War</Filter>
    </ClCompile>
    <ClCompile Include="Cheats\War\DeputyCaptureFix.cpp">
      <Filter>Cheats\War</Filter>
    </ClCompile>
    <ClCompile Include="Cheats\War\IsolatedCityCaptureFix.cpp">
      <Filter>Cheats\War</Filter>
    </ClCompile>
    <ClCompile Include="Cheats\War\PrisonerCaptureManagement.cpp">
      <Filter>Cheats\War</Filter>
    </ClCompile>
    <ClCompile Include="Cheats\Civilian\NonggyeongCity.cpp">
      <Filter>Cheats\Civilian</Filter>
    </ClCompile>
    <ClCompile Include="Cheats\Civilian\SangeopCity.cpp">
      <Filter>Cheats\Civilian</Filter>
    </ClCompile>
    <ClCompile Include="Cheats\Civilian\Techpointcave.cpp">
      <Filter>Cheats\Civilian</Filter>
    </ClCompile>
    <ClCompile Include="Cheats\Civilian\Techzero.cpp">
      <Filter>Cheats\Civilian</Filter>
    </ClCompile>
    <ClCompile Include="Cheats\War\Roadblock.cpp">
      <Filter>Cheats\War</Filter>
    </ClCompile>
    <ClCompile Include="Cheats\Officer\SelectOfficercapture.cpp">
      <Filter>Cheats\Officer</Filter>
    </ClCompile>
    <ClCompile Include="Cheats\Officer\SpecialtyInfoWindow.cpp">
      <Filter>Cheats\Officer</Filter>
    </ClCompile>
    <ClCompile Include="MemoryUtils.cpp">
      <Filter>Source Files</Filter>
    </ClCompile>
    <ClCompile Include="Cheats\Officer\OfficerData.cpp">
      <Filter>Cheats\Officer</Filter>
    </ClCompile>
    <ClCompile Include="Cheats\Officer\SpecialAbilityAutoAssign.cpp">
      <Filter>Cheats\Officer</Filter>
    </ClCompile>
    <ClCompile Include="Cheats\Officer\AIOfficerGrowth.cpp">
      <Filter>Cheats\Officer</Filter>
    </ClCompile>
    <ClCompile Include="Cheats\System\TengiCave.cpp">
      <Filter>Cheats\System</Filter>
    </ClCompile>
    <ClCompile Include="Cheats\System\SkillCondition.cpp">
      <Filter>Cheats\System</Filter>
    </ClCompile>
    <ClCompile Include="Cheats\Officer\OfficerRosterResolve.cpp">
      <Filter>Cheats\Officer</Filter>
    </ClCompile>
    <ClCompile Include="Cheats\System\MonthCapture.cpp">
      <Filter>Cheats\System</Filter>
    </ClCompile>
    <ClCompile Include="Cheats\System\SystemMonth.cpp">
      <Filter>Cheats\System</Filter>
    </ClCompile>
    <ClCompile Include="Cheats\System\StartSetting.cpp">
      <Filter>Cheats\System</Filter>
    </ClCompile>
    <ClCompile Include="Cheats\War\FactionLordBonus.cpp">
      <Filter>Cheats\War</Filter>
    </ClCompile>
    <ClCompile Include="Cheats\Officer\StatMonitor.cpp">
      <Filter>Cheats\Officer</Filter>
    </ClCompile>
    <ClCompile Include="Cheats\System\SkillCountManager.cpp">
      <Filter>Cheats\System</Filter>
    </ClCompile>
  </ItemGroup>
  <ItemGroup>
    <None Include="Hooking\minhook.def">
      <Filter>Hooking</Filter>
    </None>
  </ItemGroup>
</Project>